
Microsoft Visual Studio Solution File, Format Version 12.00
# Visual Studio Version 16
VisualStudioVersion = 16.0.29613.14
MinimumVisualStudioVersion = 10.0.40219.1
Project("{8BC9CEB8-8B4A-11D0-8D11-00A0C91BC942}") = "GhostTag", "GhostTag\GhostTag.vcxproj", "{8C47154D-664B-4B20-B39A-EC89AD7864B9}"
EndProject
Global
	GlobalSection(SolutionConfigurationPlatforms) = preSolution
		Debug|x64 = Debug|x64
		Release|x64 = Release|x64
	EndGlobalSection
	GlobalSection(ProjectConfigurationPlatforms) = postSolution
		{8C47154D-664B-4B20-B39A-EC89AD7864B9}.Debug|x64.ActiveCfg = Debug|x64
		{8C47154D-664B-4B20-B39A-EC89AD7864B9}.Debug|x64.Build.0 = Debug|x64
		{8C47154D-664B-4B20-B39A-EC89AD7864B9}.Release|x64.ActiveCfg = Release|x64
		{8C47154D-664B-4B20-B39A-EC89AD7864B9}.Release|x64.Build.0 = Release|x64
	EndGlobalSection
	GlobalSection(SolutionProperties) = preSolution
		HideSolutionNode = FALSE
	EndGlobalSection
	GlobalSection(ExtensibilityGlobals) = postSolution
		SolutionGuid = {27C4CDC5-72F3-4754-9F8D-4C257FCD60F7}
	EndGlobalSection
EndGlobal
